// !$*UTF8*$!
{
	archiveVersion = 1;
	classes = {
	};
	objectVersion = 50;
	objects = {

/* Begin PBXBuildFile section */
		A94D2CDE244C52570060629C /* AppDelegate.swift in Sources */ = {isa = PBXBuildFile; fileRef = A94D2CDD244C52570060629C /* AppDelegate.swift */; };
		A94D2CE0244C52570060629C /* SceneDelegate.swift in Sources */ = {isa = PBXBuildFile; fileRef = A94D2CDF244C52570060629C /* SceneDelegate.swift */; };
		A94D2CE2244C52570060629C /* ViewController.swift in Sources */ = {isa = PBXBuildFile; fileRef = A94D2CE1244C52570060629C /* ViewController.swift */; };
		A94D2CE5244C52570060629C /* Main.storyboard in Resources */ = {isa = PBXBuildFile; fileRef = A94D2CE3244C52570060629C /* Main.storyboard */; };
		A94D2CE7244C52580060629C /* Assets.xcassets in Resources */ = {isa = PBXBuildFile; fileRef = A94D2CE6244C52580060629C /* Assets.xcassets */; };
		A94D2CEA244C52580060629C /* LaunchScreen.storyboard in Resources */ = {isa = PBXBuildFile; fileRef = A94D2CE8244C52580060629C /* LaunchScreen.storyboard */; };
		A94D2CF5244C52580060629C /* CalculatorTests.swift in Sources */ = {isa = PBXBuildFile; fileRef = A94D2CF4244C52580060629C /* CalculatorTests.swift */; };
		A94D2D00244C52590060629C /* CalculatorUITests.swift in Sources */ = {isa = PBXBuildFile; fileRef = A94D2CFF244C52590060629C /* CalculatorUITests.swift */; };
/* End PBXBuildFile section */

/* Begin PBXContainerItemProxy section */
		A94D2CF1244C52580060629C /* PBXContainerItemProxy */ = {
			isa = PBXContainerItemProxy;
			containerPortal = A94D2CD2244C52570060629C /* Project object */;
			proxyType = 1;
			remoteGlobalIDString = A94D2CD9244C52570060629C;
			remoteInfo = Calculator;
		};
		A94D2CFC244C52590060629C /* PBXContainerItemProxy */ = {
			isa = PBXContainerItemProxy;
			containerPortal = A94D2CD2244C52570060629C /* Project object */;
			proxyType = 1;
			remoteGlobalIDString = A94D2CD9244C52570060629C;
			remoteInfo = Calculator;
		};
/* End PBXContainerItemProxy section */

/* Begin PBXFileReference section */
		A94D2CDA244C52570060629C /* Calculator.app */ = {isa = PBXFileReference; explicitFileType = wrapper.application; includeInIndex = 0; path = Calculator.app; sourceTree = BUILT_PRODUCTS_DIR; };
		A94D2CDD244C52570060629C /* AppDelegate.swift */ = {isa = PBXFileReference; lastKnownFileType = sourcecode.swift; path = AppDelegate.swift; sourceTree = "<group>"; };
		A94D2CDF244C52570060629C /* SceneDelegate.swift */ = {isa = PBXFileReference; lastKnownFileType = sourcecode.swift; path = SceneDelegate.swift; sourceTree = "<group>"; };
		A94D2CE1244C52570060629C /* ViewController.swift */ = {isa = PBXFileReference; lastKnownFileType = sourcecode.swift; path = ViewController.swift; sourceTree = "<group>"; };
		A94D2CE4244C52570060629C /* Base */ = {isa = PBXFileReference; lastKnownFileType = file.storyboard; name = Base; path = Base.lproj/Main.storyboard; sourceTree = "<group>"; };
		A94D2CE6244C52580060629C /* Assets.xcassets */ = {isa = PBXFileReference; lastKnownFileType = folder.assetcatalog; path = Assets.xcassets; sourceTree = "<group>"; };
		A94D2CE9244C52580060629C /* Base */ = {isa = PBXFileReference; lastKnownFileType = file.storyboard; name = Base; path = Base.lproj/LaunchScreen.storyboard; sourceTree = "<group>"; };
		A94D2CEB244C52580060629C /* Info.plist */ = {isa = PBXFileReference; lastKnownFileType = text.plist.xml; path = Info.plist; sourceTree = "<group>"; };
		A94D2CF0244C52580060629C /* CalculatorTests.xctest */ = {isa = PBXFileReference; explicitFileType = wrapper.cfbundle; includeInIndex = 0; path = CalculatorTests.xctest; sourceTree = BUILT_PRODUCTS_DIR; };
		A94D2CF4244C52580060629C /* CalculatorTests.swift */ = {isa = PBXFileReference; lastKnownFileType = sourcecode.swift; path = CalculatorTests.swift; sourceTree = "<group>"; };
		A94D2CF6244C52580060629C /* Info.plist */ = {isa = PBXFileReference; lastKnownFileType = text.plist.xml; path = Info.plist; sourceTree = "<group>"; };
		A94D2CFB244C52590060629C /* CalculatorUITests.xctest */ = {isa = PBXFileReference; explicitFileType = wrapper.cfbundle; includeInIndex = 0; path = CalculatorUITests.xctest; sourceTree = BUILT_PRODUCTS_DIR; };
		A94D2CFF244C52590060629C /* CalculatorUITests.swift */ = {isa = PBXFileReference; lastKnownFileType = sourcecode.swift; path = CalculatorUITests.swift; sourceTree = "<group>"; };
		A94D2D01244C52590060629C /* Info.plist */ = {isa = PBXFileReference; lastKnownFileType = text.plist.xml; path = Info.plist; sourceTree = "<group>"; };
/* End PBXFileReference section */

/* Begin PBXFrameworksBuildPhase section */
		A94D2CD7244C52570060629C /* Frameworks */ = {
			isa = PBXFrameworksBuildPhase;
			buildActionMask = 2147483647;
			files = (
			);
			runOnlyForDeploymentPostprocessing = 0;
		};
		A94D2CED244C52580060629C /* Frameworks */ = {
			isa = PBXFrameworksBuildPhase;
			buildActionMask = 2147483647;
			files = (
			);
			runOnlyForDeploymentPostprocessing = 0;
		};
		A94D2CF8244C52590060629C /* Frameworks */ = {
			isa = PBXFrameworksBuildPhase;
			buildActionMask = 2147483647;
			files = (
			);
			runOnlyForDeploymentPostprocessing = 0;
		};
/* End PBXFrameworksBuildPhase section */

/* Begin PBXGroup section */
		A94D2CD1244C52570060629C = {
			isa = PBXGroup;
			children = (
				A94D2CDC244C52570060629C /* Calculator */,
				A94D2CF3244C52580060629C /* CalculatorTests */,
				A94D2CFE244C52590060629C /* CalculatorUITests */,
				A94D2CDB244C52570060629C /* Products */,
			);
			sourceTree = "<group>";
		};
		A94D2CDB244C52570060629C /* Products */ = {
			isa = PBXGroup;
			children = (
				A94D2CDA244C52570060629C /* Calculator.app */,
				A94D2CF0244C52580060629C /* CalculatorTests.xctest */,
				A94D2CFB244C52590060629C /* CalculatorUITests.xctest */,
			);
			name = Products;
			sourceTree = "<group>";
		};
		A94D2CDC244C52570060629C /* Calculator */ = {
			isa = PBXGroup;
			children = (
				A94D2CDD244C52570060629C /* AppDelegate.swift */,
				A94D2CDF244C52570060629C /* SceneDelegate.swift */,
				A94D2CE1244C52570060629C /* ViewController.swift */,
				A94D2CE3244C52570060629C /* Main.storyboard */,
				A94D2CE6244C52580060629C /* Assets.xcassets */,
				A94D2CE8244C52580060629C /* LaunchScreen.storyboard */,
				A94D2CEB244C52580060629C /* Info.plist */,
			);
			path = Calculator;
			sourceTree = "<group>";
		};
		A94D2CF3244C52580060629C /* CalculatorTests */ = {
			isa = PBXGroup;
			children = (
				A94D2CF4244C52580060629C /* CalculatorTests.swift */,
				A94D2CF6244C52580060629C /* Info.plist */,
			);
			path = CalculatorTests;
			sourceTree = "<group>";
		};
		A94D2CFE244C52590060629C /* CalculatorUITests */ = {
			isa = PBXGroup;
			children = (
				A94D2CFF244C52590060629C /* CalculatorUITests.swift */,
				A94D2D01244C52590060629C /* Info.plist */,
			);
			path = CalculatorUITests;
			sourceTree = "<group>";
		};
/* End PBXGroup section */

/* Begin PBXNativeTarget section */
		A94D2CD9244C52570060629C /* Calculator */ = {
			isa = PBXNativeTarget;
			buildConfigurationList = A94D2D04244C52590060629C /* Build configuration list for PBXNativeTarget "Calculator" */;
			buildPhases = (
				A94D2CD6244C52570060629C /* Sources */,
				A94D2CD7244C52570060629C /* Frameworks */,
				A94D2CD8244C52570060629C /* Resources */,
			);
			buildRules = (
			);
			dependencies = (
			);
			name = Calculator;
			productName = Calculator;
			productReference = A94D2CDA244C52570060629C /* Calculator.app */;
			productType = "com.apple.product-type.application";
		};
		A94D2CEF244C52580060629C /* CalculatorTests */ = {
			isa = PBXNativeTarget;
			buildConfigurationList = A94D2D07244C52590060629C /* Build configuration list for PBXNativeTarget "CalculatorTests" */;
			buildPhases = (
				A94D2CEC244C52580060629C /* Sources */,
				A94D2CED244C52580060629C /* Frameworks */,
				A94D2CEE244C52580060629C /* Resources */,
			);
			buildRules = (
			);
			dependencies = (
				A94D2CF2244C52580060629C /* PBXTargetDependency */,
			);
			name = CalculatorTests;
			productName = CalculatorTests;
			productReference = A94D2CF0244C52580060629C /* CalculatorTests.xctest */;
			productType = "com.apple.product-type.bundle.unit-test";
		};
		A94D2CFA244C52590060629C /* CalculatorUITests */ = {
			isa = PBXNativeTarget;
			buildConfigurationList = A94D2D0A244C52590060629C /* Build configuration list for PBXNativeTarget "CalculatorUITests" */;
			buildPhases = (
				A94D2CF7244C52590060629C /* Sources */,
				A94D2CF8244C52590060629C /* Frameworks */,
				A94D2CF9244C52590060629C /* Resources */,
			);
			buildRules = (
			);
			dependencies = (
				A94D2CFD244C52590060629C /* PBXTargetDependency */,
			);
			name = CalculatorUITests;
			productName = CalculatorUITests;
			productReference = A94D2CFB244C52590060629C /* CalculatorUITests.xctest */;
			productType = "com.apple.product-type.bundle.ui-testing";
		};
/* End PBXNativeTarget section */

/* Begin PBXProject section */
		A94D2CD2244C52570060629C /* Project object */ = {
			isa = PBXProject;
			attributes = {
				LastSwiftUpdateCheck = 1140;
				LastUpgradeCheck = 1140;
				ORGANIZATIONNAME = "Michael Westerby";
				TargetAttributes = {
					A94D2CD9244C52570060629C = {
						CreatedOnToolsVersion = 11.4.1;
					};
					A94D2CEF244C52580060629C = {
						CreatedOnToolsVersion = 11.4.1;
						TestTargetID = A94D2CD9244C52570060629C;
					};
					A94D2CFA244C52590060629C = {
						CreatedOnToolsVersion = 11.4.1;
						TestTargetID = A94D2CD9244C52570060629C;
					};
				};
			};
			buildConfigurationList = A94D2CD5244C52570060629C /* Build configuration list for PBXProject "Calculator" */;
			compatibilityVersion = "Xcode 9.3";
			developmentRegion = en;
			hasScannedForEncodings = 0;
			knownRegions = (
				en,
				Base,
			);
			mainGroup = A94D2CD1244C52570060629C;
			productRefGroup = A94D2CDB244C52570060629C /* Products */;
			projectDirPath = "";
			projectRoot = "";
			targets = (
				A94D2CD9244C52570060629C /* Calculator */,
				A94D2CEF244C52580060629C /* CalculatorTests */,
				A94D2CFA244C52590060629C /* CalculatorUITests */,
			);
		};
/* End PBXProject section */

/* Begin PBXResourcesBuildPhase section */
		A94D2CD8244C52570060629C /* Resources */ = {
			isa = PBXResourcesBuildPhase;
			buildActionMask = 2147483647;
			files = (
				A94D2CEA244C52580060629C /* LaunchScreen.storyboard in Resources */,
				A94D2CE7244C52580060629C /* Assets.xcassets in Resources */,
				A94D2CE5244C52570060629C /* Main.storyboard in Resources */,
			);
			runOnlyForDeploymentPostprocessing = 0;
		};
		A94D2CEE244C52580060629C /* Resources */ = {
			isa = PBXResourcesBuildPhase;
			buildActionMask = 2147483647;
			files = (
			);
			runOnlyForDeploymentPostprocessing = 0;
		};
		A94D2CF9244C52590060629C /* Resources */ = {
			isa = PBXResourcesBuildPhase;
			buildActionMask = 2147483647;
			files = (
			);
			runOnlyForDeploymentPostprocessing = 0;
		};
/* End PBXResourcesBuildPhase section */

/* Begin PBXSourcesBuildPhase section */
		A94D2CD6244C52570060629C /* Sources */ = {
			isa = PBXSourcesBuildPhase;
			buildActionMask = 2147483647;
			files = (
				A94D2CE2244C52570060629C /* ViewController.swift in Sources */,
				A94D2CDE244C52570060629C /* AppDelegate.swift in Sources */,
				A94D2CE0244C52570060629C /* SceneDelegate.swift in Sources */,
			);
			runOnlyForDeploymentPostprocessing = 0;
		};
		A94D2CEC244C52580060629C /* Sources */ = {
			isa = PBXSourcesBuildPhase;
			buildActionMask = 2147483647;
			files = (
				A94D2CF5244C52580060629C /* CalculatorTests.swift in Sources */,
			);
			runOnlyForDeploymentPostprocessing = 0;
		};
		A94D2CF7244C52590060629C /* Sources */ = {
			isa = PBXSourcesBuildPhase;
			buildActionMask = 2147483647;
			files = (
				A94D2D00244C52590060629C /* CalculatorUITests.swift in Sources */,
			);
			runOnlyForDeploymentPostprocessing = 0;
		};
/* End PBXSourcesBuildPhase section */

/* Begin PBXTargetDependency section */
		A94D2CF2244C52580060629C /* PBXTargetDependency */ = {
			isa = PBXTargetDependency;
			target = A94D2CD9244C52570060629C /* Calculator */;
			targetProxy = A94D2CF1244C52580060629C /* PBXContainerItemProxy */;
		};
		A94D2CFD244C52590060629C /* PBXTargetDependency */ = {
			isa = PBXTargetDependency;
			target = A94D2CD9244C52570060629C /* Calculator */;
			targetProxy = A94D2CFC244C52590060629C /* PBXContainerItemProxy */;
		};
/* End PBXTargetDependency section */

/* Begin PBXVariantGroup section */
		A94D2CE3244C52570060629C /* Main.storyboard */ = {
			isa = PBXVariantGroup;
			children = (
				A94D2CE4244C52570060629C /* Base */,
			);
			name = Main.storyboard;
			sourceTree = "<group>";
		};
		A94D2CE8244C52580060629C /* LaunchScreen.storyboard */ = {
			isa = PBXVariantGroup;
			children = (
				A94D2CE9244C52580060629C /* Base */,
			);
			name = LaunchScreen.storyboard;
			sourceTree = "<group>";
		};
/* End PBXVariantGroup section */

/* Begin XCBuildConfiguration section */
		A94D2D02244C52590060629C /* Debug */ = {
			isa = XCBuildConfiguration;
			buildSettings = {
				ALWAYS_SEARCH_USER_PATHS = NO;
				CLANG_ANALYZER_NONNULL = YES;
				CLANG_ANALYZER_NUMBER_OBJECT_CONVERSION = YES_AGGRESSIVE;
				CLANG_CXX_LANGUAGE_STANDARD = "gnu++14";
				CLANG_CXX_LIBRARY = "libc++";
				CLANG_ENABLE_MODULES = YES;
				CLANG_ENABLE_OBJC_ARC = YES;
				CLANG_ENABLE_OBJC_WEAK = YES;
				CLANG_WARN_BLOCK_CAPTURE_AUTORELEASING = YES;
				CLANG_WARN_BOOL_CONVERSION = YES;
				CLANG_WARN_COMMA = YES;
				CLANG_WARN_CONSTANT_CONVERSION = YES;
				CLANG_WARN_DEPRECATED_OBJC_IMPLEMENTATIONS = YES;
				CLANG_WARN_DIRECT_OBJC_ISA_USAGE = YES_ERROR;
				CLANG_WARN_DOCUMENTATION_COMMENTS = YES;
				CLANG_WARN_EMPTY_BODY = YES;
				CLANG_WARN_ENUM_CONVERSION = YES;
				CLANG_WARN_INFINITE_RECURSION = YES;
				CLANG_WARN_INT_CONVERSION = YES;
				CLANG_WARN_NON_LITERAL_NULL_CONVERSION = YES;
				CLANG_WARN_OBJC_IMPLICIT_RETAIN_SELF = YES;
				CLANG_WARN_OBJC_LITERAL_CONVERSION = YES;
				CLANG_WARN_OBJC_ROOT_CLASS = YES_ERROR;
				CLANG_WARN_RANGE_LOOP_ANALYSIS = YES;
				CLANG_WARN_STRICT_PROTOTYPES = YES;
				CLANG_WARN_SUSPICIOUS_MOVE = YES;
				CLANG_WARN_UNGUARDED_AVAILABILITY = YES_AGGRESSIVE;
				CLANG_WARN_UNREACHABLE_CODE = YES;
				CLANG_WARN__DUPLICATE_METHOD_MATCH = YES;
				COPY_PHASE_STRIP = NO;
				DEBUG_INFORMATION_FORMAT = dwarf;
				ENABLE_STRICT_OBJC_MSGSEND = YES;
				ENABLE_TESTABILITY = YES;
				GCC_C_LANGUAGE_STANDARD = gnu11;
				GCC_DYNAMIC_NO_PIC = NO;
				GCC_NO_COMMON_BLOCKS = YES;
				GCC_OPTIMIZATION_LEVEL = 0;
				GCC_PREPROCESSOR_DEFINITIONS = (
					"DEBUG=1",
					"$(inherited)",
				);
				GCC_WARN_64_TO_32_BIT_CONVERSION = YES;
				GCC_WARN_ABOUT_RETURN_TYPE = YES_ERROR;
				GCC_WARN_UNDECLARED_SELECTOR = YES;
				GCC_WARN_UNINITIALIZED_AUTOS = YES_AGGRESSIVE;
				GCC_WARN_UNUSED_FUNCTION = YES;
				GCC_WARN_UNUSED_VARIABLE = YES;
				IPHONEOS_DEPLOYMENT_TARGET = 13.4;
				MTL_ENABLE_DEBUG_INFO = INCLUDE_SOURCE;
				MTL_FAST_MATH = YES;
				ONLY_ACTIVE_ARCH = YES;
				SDKROOT = iphoneos;
				SWIFT_ACTIVE_COMPILATION_CONDITIONS = DEBUG;
				SWIFT_OPTIMIZATION_LEVEL = "-Onone";
			};
			name = Debug;
		};
		A94D2D03244C52590060629C /* Release */ = {
			isa = XCBuildConfiguration;
			buildSettings = {
				ALWAYS_SEARCH_USER_PATHS = NO;
				CLANG_ANALYZER_NONNULL = YES;
				CLANG_ANALYZER_NUMBER_OBJECT_CONVERSION = YES_AGGRESSIVE;
				CLANG_CXX_LANGUAGE_STANDARD = "gnu++14";
				CLANG_CXX_LIBRARY = "libc++";
				CLANG_ENABLE_MODULES = YES;
				CLANG_ENABLE_OBJC_ARC = YES;
				CLANG_ENABLE_OBJC_WEAK = YES;
				CLANG_WARN_BLOCK_CAPTURE_AUTORELEASING = YES;
				CLANG_WARN_BOOL_CONVERSION = YES;
				CLANG_WARN_COMMA = YES;
				CLANG_WARN_CONSTANT_CONVERSION = YES;
				CLANG_WARN_DEPRECATED_OBJC_IMPLEMENTATIONS = YES;
				CLANG_WARN_DIRECT_OBJC_ISA_USAGE = YES_ERROR;
				CLANG_WARN_DOCUMENTATION_COMMENTS = YES;
				CLANG_WARN_EMPTY_BODY = YES;
				CLANG_WARN_ENUM_CONVERSION = YES;
				CLANG_WARN_INFINITE_RECURSION = YES;
				CLANG_WARN_INT_CONVERSION = YES;
				CLANG_WARN_NON_LITERAL_NULL_CONVERSION = YES;
				CLANG_WARN_OBJC_IMPLICIT_RETAIN_SELF = YES;
				CLANG_WARN_OBJC_LITERAL_CONVERSION = YES;
				CLANG_WARN_OBJC_ROOT_CLASS = YES_ERROR;
				CLANG_WARN_RANGE_LOOP_ANALYSIS = YES;
				CLANG_WARN_STRICT_PROTOTYPES = YES;
				CLANG_WARN_SUSPICIOUS_MOVE = YES;
				CLANG_WARN_UNGUARDED_AVAILABILITY = YES_AGGRESSIVE;
				CLANG_WARN_UNREACHABLE_CODE = YES;
				CLANG_WARN__DUPLICATE_METHOD_MATCH = YES;
				COPY_PHASE_STRIP = NO;
				DEBUG_INFORMATION_FORMAT = "dwarf-with-dsym";
				ENABLE_NS_ASSERTIONS = NO;
				ENABLE_STRICT_OBJC_MSGSEND = YES;
				GCC_C_LANGUAGE_STANDARD = gnu11;
				GCC_NO_COMMON_BLOCKS = YES;
				GCC_WARN_64_TO_32_BIT_CONVERSION = YES;
				GCC_WARN_ABOUT_RETURN_TYPE = YES_ERROR;
				GCC_WARN_UNDECLARED_SELECTOR = YES;
				GCC_WARN_UNINITIALIZED_AUTOS = YES_AGGRESSIVE;
				GCC_WARN_UNUSED_FUNCTION = YES;
				GCC_WARN_UNUSED_VARIABLE = YES;
				IPHONEOS_DEPLOYMENT_TARGET = 13.4;
				MTL_ENABLE_DEBUG_INFO = NO;
				MTL_FAST_MATH = YES;
				SDKROOT = iphoneos;
				SWIFT_COMPILATION_MODE = wholemodule;
				SWIFT_OPTIMIZATION_LEVEL = "-O";
				VALIDATE_PRODUCT = YES;
			};
			name = Release;
		};
		A94D2D05244C52590060629C /* Debug */ = {
			isa = XCBuildConfiguration;
			buildSettings = {
				ASSETCATALOG_COMPILER_APPICON_NAME = AppIcon;
				CODE_SIGN_STYLE = Automatic;
				INFOPLIST_FILE = Calculator/Info.plist;
				LD_RUNPATH_SEARCH_PATHS = (
					"$(inherited)",
					"@executable_path/Frameworks",
				);
				PRODUCT_BUNDLE_IDENTIFIER = IBM.Calculator;
				PRODUCT_NAME = "$(TARGET_NAME)";
				SWIFT_VERSION = 5.0;
				TARGETED_DEVICE_FAMILY = "1,2";
			};
			name = Debug;
		};
		A94D2D06244C52590060629C /* Release */ = {
			isa = XCBuildConfiguration;
			buildSettings = {
				ASSETCATALOG_COMPILER_APPICON_NAME = AppIcon;
				CODE_SIGN_STYLE = Automatic;
				INFOPLIST_FILE = Calculator/Info.plist;
				LD_RUNPATH_SEARCH_PATHS = (
					"$(inherited)",
					"@executable_path/Frameworks",
				);
				PRODUCT_BUNDLE_IDENTIFIER = IBM.Calculator;
				PRODUCT_NAME = "$(TARGET_NAME)";
				SWIFT_VERSION = 5.0;
				TARGETED_DEVICE_FAMILY = "1,2";
			};
			name = Release;
		};
		A94D2D08244C52590060629C /* Debug */ = {
			isa = XCBuildConfiguration;
			buildSettings = {
				ALWAYS_EMBED_SWIFT_STANDARD_LIBRARIES = YES;
				BUNDLE_LOADER = "$(TEST_HOST)";
				CODE_SIGN_STYLE = Automatic;
				INFOPLIST_FILE = CalculatorTests/Info.plist;
				IPHONEOS_DEPLOYMENT_TARGET = 13.4;
				LD_RUNPATH_SEARCH_PATHS = (
					"$(inherited)",
					"@executable_path/Frameworks",
					"@loader_path/Frameworks",
				);
				PRODUCT_BUNDLE_IDENTIFIER = IBM.CalculatorTests;
				PRODUCT_NAME = "$(TARGET_NAME)";
				SWIFT_VERSION = 5.0;
				TARGETED_DEVICE_FAMILY = "1,2";
				TEST_HOST = "$(BUILT_PRODUCTS_DIR)/Calculator.app/Calculator";
			};
			name = Debug;
		};
		A94D2D09244C52590060629C /* Release */ = {
			isa = XCBuildConfiguration;
			buildSettings = {
				ALWAYS_EMBED_SWIFT_STANDARD_LIBRARIES = YES;
				BUNDLE_LOADER = "$(TEST_HOST)";
				CODE_SIGN_STYLE = Automatic;
				INFOPLIST_FILE = CalculatorTests/Info.plist;
				IPHONEOS_DEPLOYMENT_TARGET = 13.4;
				LD_RUNPATH_SEARCH_PATHS = (
					"$(inherited)",
					"@executable_path/Frameworks",
					"@loader_path/Frameworks",
				);
				PRODUCT_BUNDLE_IDENTIFIER = IBM.CalculatorTests;
				PRODUCT_NAME = "$(TARGET_NAME)";
				SWIFT_VERSION = 5.0;
				TARGETED_DEVICE_FAMILY = "1,2";
				TEST_HOST = "$(BUILT_PRODUCTS_DIR)/Calculator.app/Calculator";
			};
			name = Release;
		};
		A94D2D0B244C52590060629C /* Debug */ = {
			isa = XCBuildConfiguration;
			buildSettings = {
				ALWAYS_EMBED_SWIFT_STANDARD_LIBRARIES = YES;
				CODE_SIGN_STYLE = Automatic;
				INFOPLIST_FILE = CalculatorUITests/Info.plist;
				LD_RUNPATH_SEARCH_PATHS = (
					"$(inherited)",
					"@executable_path/Frameworks",
					"@loader_path/Frameworks",
				);
				PRODUCT_BUNDLE_IDENTIFIER = IBM.CalculatorUITests;
				PRODUCT_NAME = "$(TARGET_NAME)";
				SWIFT_VERSION = 5.0;
				TARGETED_DEVICE_FAMILY = "1,2";
				TEST_TARGET_NAME = Calculator;
			};
			name = Debug;
		};
		A94D2D0C244C52590060629C /* Release */ = {
			isa = XCBuildConfiguration;
			buildSettings = {
				ALWAYS_EMBED_SWIFT_STANDARD_LIBRARIES = YES;
				CODE_SIGN_STYLE = Automatic;
				INFOPLIST_FILE = CalculatorUITests/Info.plist;
				LD_RUNPATH_SEARCH_PATHS = (
					"$(inherited)",
					"@executable_path/Frameworks",
					"@loader_path/Frameworks",
				);
				PRODUCT_BUNDLE_IDENTIFIER = IBM.CalculatorUITests;
				PRODUCT_NAME = "$(TARGET_NAME)";
				SWIFT_VERSION = 5.0;
				TARGETED_DEVICE_FAMILY = "1,2";
				TEST_TARGET_NAME = Calculator;
			};
			name = Release;
		};
/* End XCBuildConfiguration section */

/* Begin XCConfigurationList section */
		A94D2CD5244C52570060629C /* Build configuration list for PBXProject "Calculator" */ = {
			isa = XCConfigurationList;
			buildConfigurations = (
				A94D2D02244C52590060629C /* Debug */,
				A94D2D03244C52590060629C /* Release */,
			);
			defaultConfigurationIsVisible = 0;
			defaultConfigurationName = Release;
		};
		A94D2D04244C52590060629C /* Build configuration list for PBXNativeTarget "Calculator" */ = {
			isa = XCConfigurationList;
			buildConfigurations = (
				A94D2D05244C52590060629C /* Debug */,
				A94D2D06244C52590060629C /* Release */,
			);
			defaultConfigurationIsVisible = 0;
			defaultConfigurationName = Release;
		};
		A94D2D07244C52590060629C /* Build configuration list for PBXNativeTarget "CalculatorTests" */ = {
			isa = XCConfigurationList;
			buildConfigurations = (
				A94D2D08244C52590060629C /* Debug */,
				A94D2D09244C52590060629C /* Release */,
			);
			defaultConfigurationIsVisible = 0;
			defaultConfigurationName = Release;
		};
		A94D2D0A244C52590060629C /* Build configuration list for PBXNativeTarget "CalculatorUITests" */ = {
			isa = XCConfigurationList;
			buildConfigurations = (
				A94D2D0B244C52590060629C /* Debug */,
				A94D2D0C244C52590060629C /* Release */,
			);
			defaultConfigurationIsVisible = 0;
			defaultConfigurationName = Release;
		};
/* End XCConfigurationList section */
	};
	rootObject = A94D2CD2244C52570060629C /* Project object */;
}
