// !$*UTF8*$!
{
	archiveVersion = 1;
	classes = {
	};
	objectVersion = 50;
	objects = {

/* Begin PBXBuildFile section */
		A9AB9CF624508B7B000460CB /* AppDelegate.swift in Sources */ = {isa = PBXBuildFile; fileRef = A9AB9CF524508B7B000460CB /* AppDelegate.swift */; };
		A9AB9CF824508B7B000460CB /* SceneDelegate.swift in Sources */ = {isa = PBXBuildFile; fileRef = A9AB9CF724508B7B000460CB /* SceneDelegate.swift */; };
		A9AB9CFA24508B7B000460CB /* ViewController.swift in Sources */ = {isa = PBXBuildFile; fileRef = A9AB9CF924508B7B000460CB /* ViewController.swift */; };
		A9AB9CFD24508B7B000460CB /* Main.storyboard in Resources */ = {isa = PBXBuildFile; fileRef = A9AB9CFB24508B7B000460CB /* Main.storyboard */; };
		A9AB9CFF24508B7E000460CB /* Assets.xcassets in Resources */ = {isa = PBXBuildFile; fileRef = A9AB9CFE24508B7E000460CB /* Assets.xcassets */; };
		A9AB9D0224508B7E000460CB /* LaunchScreen.storyboard in Resources */ = {isa = PBXBuildFile; fileRef = A9AB9D0024508B7E000460CB /* LaunchScreen.storyboard */; };
		A9AB9D0D24508B7E000460CB /* TrafficSeguesTests.swift in Sources */ = {isa = PBXBuildFile; fileRef = A9AB9D0C24508B7E000460CB /* TrafficSeguesTests.swift */; };
		A9AB9D1824508B7E000460CB /* TrafficSeguesUITests.swift in Sources */ = {isa = PBXBuildFile; fileRef = A9AB9D1724508B7E000460CB /* TrafficSeguesUITests.swift */; };
/* End PBXBuildFile section */

/* Begin PBXContainerItemProxy section */
		A9AB9D0924508B7E000460CB /* PBXContainerItemProxy */ = {
			isa = PBXContainerItemProxy;
			containerPortal = A9AB9CEA24508B7B000460CB /* Project object */;
			proxyType = 1;
			remoteGlobalIDString = A9AB9CF124508B7B000460CB;
			remoteInfo = TrafficSegues;
		};
		A9AB9D1424508B7E000460CB /* PBXContainerItemProxy */ = {
			isa = PBXContainerItemProxy;
			containerPortal = A9AB9CEA24508B7B000460CB /* Project object */;
			proxyType = 1;
			remoteGlobalIDString = A9AB9CF124508B7B000460CB;
			remoteInfo = TrafficSegues;
		};
/* End PBXContainerItemProxy section */

/* Begin PBXFileReference section */
		A9AB9CF224508B7B000460CB /* TrafficSegues.app */ = {isa = PBXFileReference; explicitFileType = wrapper.application; includeInIndex = 0; path = TrafficSegues.app; sourceTree = BUILT_PRODUCTS_DIR; };
		A9AB9CF524508B7B000460CB /* AppDelegate.swift */ = {isa = PBXFileReference; lastKnownFileType = sourcecode.swift; path = AppDelegate.swift; sourceTree = "<group>"; };
		A9AB9CF724508B7B000460CB /* SceneDelegate.swift */ = {isa = PBXFileReference; lastKnownFileType = sourcecode.swift; path = SceneDelegate.swift; sourceTree = "<group>"; };
		A9AB9CF924508B7B000460CB /* ViewController.swift */ = {isa = PBXFileReference; lastKnownFileType = sourcecode.swift; path = ViewController.swift; sourceTree = "<group>"; };
		A9AB9CFC24508B7B000460CB /* Base */ = {isa = PBXFileReference; lastKnownFileType = file.storyboard; name = Base; path = Base.lproj/Main.storyboard; sourceTree = "<group>"; };
		A9AB9CFE24508B7E000460CB /* Assets.xcassets */ = {isa = PBXFileReference; lastKnownFileType = folder.assetcatalog; path = Assets.xcassets; sourceTree = "<group>"; };
		A9AB9D0124508B7E000460CB /* Base */ = {isa = PBXFileReference; lastKnownFileType = file.storyboard; name = Base; path = Base.lproj/LaunchScreen.storyboard; sourceTree = "<group>"; };
		A9AB9D0324508B7E000460CB /* Info.plist */ = {isa = PBXFileReference; lastKnownFileType = text.plist.xml; path = Info.plist; sourceTree = "<group>"; };
		A9AB9D0824508B7E000460CB /* TrafficSeguesTests.xctest */ = {isa = PBXFileReference; explicitFileType = wrapper.cfbundle; includeInIndex = 0; path = TrafficSeguesTests.xctest; sourceTree = BUILT_PRODUCTS_DIR; };
		A9AB9D0C24508B7E000460CB /* TrafficSeguesTests.swift */ = {isa = PBXFileReference; lastKnownFileType = sourcecode.swift; path = TrafficSeguesTests.swift; sourceTree = "<group>"; };
		A9AB9D0E24508B7E000460CB /* Info.plist */ = {isa = PBXFileReference; lastKnownFileType = text.plist.xml; path = Info.plist; sourceTree = "<group>"; };
		A9AB9D1324508B7E000460CB /* TrafficSeguesUITests.xctest */ = {isa = PBXFileReference; explicitFileType = wrapper.cfbundle; includeInIndex = 0; path = TrafficSeguesUITests.xctest; sourceTree = BUILT_PRODUCTS_DIR; };
		A9AB9D1724508B7E000460CB /* TrafficSeguesUITests.swift */ = {isa = PBXFileReference; lastKnownFileType = sourcecode.swift; path = TrafficSeguesUITests.swift; sourceTree = "<group>"; };
		A9AB9D1924508B7E000460CB /* Info.plist */ = {isa = PBXFileReference; lastKnownFileType = text.plist.xml; path = Info.plist; sourceTree = "<group>"; };
/* End PBXFileReference section */

/* Begin PBXFrameworksBuildPhase section */
		A9AB9CEF24508B7B000460CB /* Frameworks */ = {
			isa = PBXFrameworksBuildPhase;
			buildActionMask = 2147483647;
			files = (
			);
			runOnlyForDeploymentPostprocessing = 0;
		};
		A9AB9D0524508B7E000460CB /* Frameworks */ = {
			isa = PBXFrameworksBuildPhase;
			buildActionMask = 2147483647;
			files = (
			);
			runOnlyForDeploymentPostprocessing = 0;
		};
		A9AB9D1024508B7E000460CB /* Frameworks */ = {
			isa = PBXFrameworksBuildPhase;
			buildActionMask = 2147483647;
			files = (
			);
			runOnlyForDeploymentPostprocessing = 0;
		};
/* End PBXFrameworksBuildPhase section */

/* Begin PBXGroup section */
		A9AB9CE924508B7B000460CB = {
			isa = PBXGroup;
			children = (
				A9AB9CF424508B7B000460CB /* TrafficSegues */,
				A9AB9D0B24508B7E000460CB /* TrafficSeguesTests */,
				A9AB9D1624508B7E000460CB /* TrafficSeguesUITests */,
				A9AB9CF324508B7B000460CB /* Products */,
			);
			sourceTree = "<group>";
		};
		A9AB9CF324508B7B000460CB /* Products */ = {
			isa = PBXGroup;
			children = (
				A9AB9CF224508B7B000460CB /* TrafficSegues.app */,
				A9AB9D0824508B7E000460CB /* TrafficSeguesTests.xctest */,
				A9AB9D1324508B7E000460CB /* TrafficSeguesUITests.xctest */,
			);
			name = Products;
			sourceTree = "<group>";
		};
		A9AB9CF424508B7B000460CB /* TrafficSegues */ = {
			isa = PBXGroup;
			children = (
				A9AB9CF524508B7B000460CB /* AppDelegate.swift */,
				A9AB9CF724508B7B000460CB /* SceneDelegate.swift */,
				A9AB9CF924508B7B000460CB /* ViewController.swift */,
				A9AB9CFB24508B7B000460CB /* Main.storyboard */,
				A9AB9CFE24508B7E000460CB /* Assets.xcassets */,
				A9AB9D0024508B7E000460CB /* LaunchScreen.storyboard */,
				A9AB9D0324508B7E000460CB /* Info.plist */,
			);
			path = TrafficSegues;
			sourceTree = "<group>";
		};
		A9AB9D0B24508B7E000460CB /* TrafficSeguesTests */ = {
			isa = PBXGroup;
			children = (
				A9AB9D0C24508B7E000460CB /* TrafficSeguesTests.swift */,
				A9AB9D0E24508B7E000460CB /* Info.plist */,
			);
			path = TrafficSeguesTests;
			sourceTree = "<group>";
		};
		A9AB9D1624508B7E000460CB /* TrafficSeguesUITests */ = {
			isa = PBXGroup;
			children = (
				A9AB9D1724508B7E000460CB /* TrafficSeguesUITests.swift */,
				A9AB9D1924508B7E000460CB /* Info.plist */,
			);
			path = TrafficSeguesUITests;
			sourceTree = "<group>";
		};
/* End PBXGroup section */

/* Begin PBXNativeTarget section */
		A9AB9CF124508B7B000460CB /* TrafficSegues */ = {
			isa = PBXNativeTarget;
			buildConfigurationList = A9AB9D1C24508B7E000460CB /* Build configuration list for PBXNativeTarget "TrafficSegues" */;
			buildPhases = (
				A9AB9CEE24508B7B000460CB /* Sources */,
				A9AB9CEF24508B7B000460CB /* Frameworks */,
				A9AB9CF024508B7B000460CB /* Resources */,
			);
			buildRules = (
			);
			dependencies = (
			);
			name = TrafficSegues;
			productName = TrafficSegues;
			productReference = A9AB9CF224508B7B000460CB /* TrafficSegues.app */;
			productType = "com.apple.product-type.application";
		};
		A9AB9D0724508B7E000460CB /* TrafficSeguesTests */ = {
			isa = PBXNativeTarget;
			buildConfigurationList = A9AB9D1F24508B7E000460CB /* Build configuration list for PBXNativeTarget "TrafficSeguesTests" */;
			buildPhases = (
				A9AB9D0424508B7E000460CB /* Sources */,
				A9AB9D0524508B7E000460CB /* Frameworks */,
				A9AB9D0624508B7E000460CB /* Resources */,
			);
			buildRules = (
			);
			dependencies = (
				A9AB9D0A24508B7E000460CB /* PBXTargetDependency */,
			);
			name = TrafficSeguesTests;
			productName = TrafficSeguesTests;
			productReference = A9AB9D0824508B7E000460CB /* TrafficSeguesTests.xctest */;
			productType = "com.apple.product-type.bundle.unit-test";
		};
		A9AB9D1224508B7E000460CB /* TrafficSeguesUITests */ = {
			isa = PBXNativeTarget;
			buildConfigurationList = A9AB9D2224508B7E000460CB /* Build configuration list for PBXNativeTarget "TrafficSeguesUITests" */;
			buildPhases = (
				A9AB9D0F24508B7E000460CB /* Sources */,
				A9AB9D1024508B7E000460CB /* Frameworks */,
				A9AB9D1124508B7E000460CB /* Resources */,
			);
			buildRules = (
			);
			dependencies = (
				A9AB9D1524508B7E000460CB /* PBXTargetDependency */,
			);
			name = TrafficSeguesUITests;
			productName = TrafficSeguesUITests;
			productReference = A9AB9D1324508B7E000460CB /* TrafficSeguesUITests.xctest */;
			productType = "com.apple.product-type.bundle.ui-testing";
		};
/* End PBXNativeTarget section */

/* Begin PBXProject section */
		A9AB9CEA24508B7B000460CB /* Project object */ = {
			isa = PBXProject;
			attributes = {
				LastSwiftUpdateCheck = 1140;
				LastUpgradeCheck = 1140;
				ORGANIZATIONNAME = "Michael Westerby";
				TargetAttributes = {
					A9AB9CF124508B7B000460CB = {
						CreatedOnToolsVersion = 11.4.1;
					};
					A9AB9D0724508B7E000460CB = {
						CreatedOnToolsVersion = 11.4.1;
						TestTargetID = A9AB9CF124508B7B000460CB;
					};
					A9AB9D1224508B7E000460CB = {
						CreatedOnToolsVersion = 11.4.1;
						TestTargetID = A9AB9CF124508B7B000460CB;
					};
				};
			};
			buildConfigurationList = A9AB9CED24508B7B000460CB /* Build configuration list for PBXProject "TrafficSegues" */;
			compatibilityVersion = "Xcode 9.3";
			developmentRegion = en;
			hasScannedForEncodings = 0;
			knownRegions = (
				en,
				Base,
			);
			mainGroup = A9AB9CE924508B7B000460CB;
			productRefGroup = A9AB9CF324508B7B000460CB /* Products */;
			projectDirPath = "";
			projectRoot = "";
			targets = (
				A9AB9CF124508B7B000460CB /* TrafficSegues */,
				A9AB9D0724508B7E000460CB /* TrafficSeguesTests */,
				A9AB9D1224508B7E000460CB /* TrafficSeguesUITests */,
			);
		};
/* End PBXProject section */

/* Begin PBXResourcesBuildPhase section */
		A9AB9CF024508B7B000460CB /* Resources */ = {
			isa = PBXResourcesBuildPhase;
			buildActionMask = 2147483647;
			files = (
				A9AB9D0224508B7E000460CB /* LaunchScreen.storyboard in Resources */,
				A9AB9CFF24508B7E000460CB /* Assets.xcassets in Resources */,
				A9AB9CFD24508B7B000460CB /* Main.storyboard in Resources */,
			);
			runOnlyForDeploymentPostprocessing = 0;
		};
		A9AB9D0624508B7E000460CB /* Resources */ = {
			isa = PBXResourcesBuildPhase;
			buildActionMask = 2147483647;
			files = (
			);
			runOnlyForDeploymentPostprocessing = 0;
		};
		A9AB9D1124508B7E000460CB /* Resources */ = {
			isa = PBXResourcesBuildPhase;
			buildActionMask = 2147483647;
			files = (
			);
			runOnlyForDeploymentPostprocessing = 0;
		};
/* End PBXResourcesBuildPhase section */

/* Begin PBXSourcesBuildPhase section */
		A9AB9CEE24508B7B000460CB /* Sources */ = {
			isa = PBXSourcesBuildPhase;
			buildActionMask = 2147483647;
			files = (
				A9AB9CFA24508B7B000460CB /* ViewController.swift in Sources */,
				A9AB9CF624508B7B000460CB /* AppDelegate.swift in Sources */,
				A9AB9CF824508B7B000460CB /* SceneDelegate.swift in Sources */,
			);
			runOnlyForDeploymentPostprocessing = 0;
		};
		A9AB9D0424508B7E000460CB /* Sources */ = {
			isa = PBXSourcesBuildPhase;
			buildActionMask = 2147483647;
			files = (
				A9AB9D0D24508B7E000460CB /* TrafficSeguesTests.swift in Sources */,
			);
			runOnlyForDeploymentPostprocessing = 0;
		};
		A9AB9D0F24508B7E000460CB /* Sources */ = {
			isa = PBXSourcesBuildPhase;
			buildActionMask = 2147483647;
			files = (
				A9AB9D1824508B7E000460CB /* TrafficSeguesUITests.swift in Sources */,
			);
			runOnlyForDeploymentPostprocessing = 0;
		};
/* End PBXSourcesBuildPhase section */

/* Begin PBXTargetDependency section */
		A9AB9D0A24508B7E000460CB /* PBXTargetDependency */ = {
			isa = PBXTargetDependency;
			target = A9AB9CF124508B7B000460CB /* TrafficSegues */;
			targetProxy = A9AB9D0924508B7E000460CB /* PBXContainerItemProxy */;
		};
		A9AB9D1524508B7E000460CB /* PBXTargetDependency */ = {
			isa = PBXTargetDependency;
			target = A9AB9CF124508B7B000460CB /* TrafficSegues */;
			targetProxy = A9AB9D1424508B7E000460CB /* PBXContainerItemProxy */;
		};
/* End PBXTargetDependency section */

/* Begin PBXVariantGroup section */
		A9AB9CFB24508B7B000460CB /* Main.storyboard */ = {
			isa = PBXVariantGroup;
			children = (
				A9AB9CFC24508B7B000460CB /* Base */,
			);
			name = Main.storyboard;
			sourceTree = "<group>";
		};
		A9AB9D0024508B7E000460CB /* LaunchScreen.storyboard */ = {
			isa = PBXVariantGroup;
			children = (
				A9AB9D0124508B7E000460CB /* Base */,
			);
			name = LaunchScreen.storyboard;
			sourceTree = "<group>";
		};
/* End PBXVariantGroup section */

/* Begin XCBuildConfiguration section */
		A9AB9D1A24508B7E000460CB /* Debug */ = {
			isa = XCBuildConfiguration;
			buildSettings = {
				ALWAYS_SEARCH_USER_PATHS = NO;
				CLANG_ANALYZER_NONNULL = YES;
				CLANG_ANALYZER_NUMBER_OBJECT_CONVERSION = YES_AGGRESSIVE;
				CLANG_CXX_LANGUAGE_STANDARD = "gnu++14";
				CLANG_CXX_LIBRARY = "libc++";
				CLANG_ENABLE_MODULES = YES;
				CLANG_ENABLE_OBJC_ARC = YES;
				CLANG_ENABLE_OBJC_WEAK = YES;
				CLANG_WARN_BLOCK_CAPTURE_AUTORELEASING = YES;
				CLANG_WARN_BOOL_CONVERSION = YES;
				CLANG_WARN_COMMA = YES;
				CLANG_WARN_CONSTANT_CONVERSION = YES;
				CLANG_WARN_DEPRECATED_OBJC_IMPLEMENTATIONS = YES;
				CLANG_WARN_DIRECT_OBJC_ISA_USAGE = YES_ERROR;
				CLANG_WARN_DOCUMENTATION_COMMENTS = YES;
				CLANG_WARN_EMPTY_BODY = YES;
				CLANG_WARN_ENUM_CONVERSION = YES;
				CLANG_WARN_INFINITE_RECURSION = YES;
				CLANG_WARN_INT_CONVERSION = YES;
				CLANG_WARN_NON_LITERAL_NULL_CONVERSION = YES;
				CLANG_WARN_OBJC_IMPLICIT_RETAIN_SELF = YES;
				CLANG_WARN_OBJC_LITERAL_CONVERSION = YES;
				CLANG_WARN_OBJC_ROOT_CLASS = YES_ERROR;
				CLANG_WARN_RANGE_LOOP_ANALYSIS = YES;
				CLANG_WARN_STRICT_PROTOTYPES = YES;
				CLANG_WARN_SUSPICIOUS_MOVE = YES;
				CLANG_WARN_UNGUARDED_AVAILABILITY = YES_AGGRESSIVE;
				CLANG_WARN_UNREACHABLE_CODE = YES;
				CLANG_WARN__DUPLICATE_METHOD_MATCH = YES;
				COPY_PHASE_STRIP = NO;
				DEBUG_INFORMATION_FORMAT = dwarf;
				ENABLE_STRICT_OBJC_MSGSEND = YES;
				ENABLE_TESTABILITY = YES;
				GCC_C_LANGUAGE_STANDARD = gnu11;
				GCC_DYNAMIC_NO_PIC = NO;
				GCC_NO_COMMON_BLOCKS = YES;
				GCC_OPTIMIZATION_LEVEL = 0;
				GCC_PREPROCESSOR_DEFINITIONS = (
					"DEBUG=1",
					"$(inherited)",
				);
				GCC_WARN_64_TO_32_BIT_CONVERSION = YES;
				GCC_WARN_ABOUT_RETURN_TYPE = YES_ERROR;
				GCC_WARN_UNDECLARED_SELECTOR = YES;
				GCC_WARN_UNINITIALIZED_AUTOS = YES_AGGRESSIVE;
				GCC_WARN_UNUSED_FUNCTION = YES;
				GCC_WARN_UNUSED_VARIABLE = YES;
				IPHONEOS_DEPLOYMENT_TARGET = 13.4;
				MTL_ENABLE_DEBUG_INFO = INCLUDE_SOURCE;
				MTL_FAST_MATH = YES;
				ONLY_ACTIVE_ARCH = YES;
				SDKROOT = iphoneos;
				SWIFT_ACTIVE_COMPILATION_CONDITIONS = DEBUG;
				SWIFT_OPTIMIZATION_LEVEL = "-Onone";
			};
			name = Debug;
		};
		A9AB9D1B24508B7E000460CB /* Release */ = {
			isa = XCBuildConfiguration;
			buildSettings = {
				ALWAYS_SEARCH_USER_PATHS = NO;
				CLANG_ANALYZER_NONNULL = YES;
				CLANG_ANALYZER_NUMBER_OBJECT_CONVERSION = YES_AGGRESSIVE;
				CLANG_CXX_LANGUAGE_STANDARD = "gnu++14";
				CLANG_CXX_LIBRARY = "libc++";
				CLANG_ENABLE_MODULES = YES;
				CLANG_ENABLE_OBJC_ARC = YES;
				CLANG_ENABLE_OBJC_WEAK = YES;
				CLANG_WARN_BLOCK_CAPTURE_AUTORELEASING = YES;
				CLANG_WARN_BOOL_CONVERSION = YES;
				CLANG_WARN_COMMA = YES;
				CLANG_WARN_CONSTANT_CONVERSION = YES;
				CLANG_WARN_DEPRECATED_OBJC_IMPLEMENTATIONS = YES;
				CLANG_WARN_DIRECT_OBJC_ISA_USAGE = YES_ERROR;
				CLANG_WARN_DOCUMENTATION_COMMENTS = YES;
				CLANG_WARN_EMPTY_BODY = YES;
				CLANG_WARN_ENUM_CONVERSION = YES;
				CLANG_WARN_INFINITE_RECURSION = YES;
				CLANG_WARN_INT_CONVERSION = YES;
				CLANG_WARN_NON_LITERAL_NULL_CONVERSION = YES;
				CLANG_WARN_OBJC_IMPLICIT_RETAIN_SELF = YES;
				CLANG_WARN_OBJC_LITERAL_CONVERSION = YES;
				CLANG_WARN_OBJC_ROOT_CLASS = YES_ERROR;
				CLANG_WARN_RANGE_LOOP_ANALYSIS = YES;
				CLANG_WARN_STRICT_PROTOTYPES = YES;
				CLANG_WARN_SUSPICIOUS_MOVE = YES;
				CLANG_WARN_UNGUARDED_AVAILABILITY = YES_AGGRESSIVE;
				CLANG_WARN_UNREACHABLE_CODE = YES;
				CLANG_WARN__DUPLICATE_METHOD_MATCH = YES;
				COPY_PHASE_STRIP = NO;
				DEBUG_INFORMATION_FORMAT = "dwarf-with-dsym";
				ENABLE_NS_ASSERTIONS = NO;
				ENABLE_STRICT_OBJC_MSGSEND = YES;
				GCC_C_LANGUAGE_STANDARD = gnu11;
				GCC_NO_COMMON_BLOCKS = YES;
				GCC_WARN_64_TO_32_BIT_CONVERSION = YES;
				GCC_WARN_ABOUT_RETURN_TYPE = YES_ERROR;
				GCC_WARN_UNDECLARED_SELECTOR = YES;
				GCC_WARN_UNINITIALIZED_AUTOS = YES_AGGRESSIVE;
				GCC_WARN_UNUSED_FUNCTION = YES;
				GCC_WARN_UNUSED_VARIABLE = YES;
				IPHONEOS_DEPLOYMENT_TARGET = 13.4;
				MTL_ENABLE_DEBUG_INFO = NO;
				MTL_FAST_MATH = YES;
				SDKROOT = iphoneos;
				SWIFT_COMPILATION_MODE = wholemodule;
				SWIFT_OPTIMIZATION_LEVEL = "-O";
				VALIDATE_PRODUCT = YES;
			};
			name = Release;
		};
		A9AB9D1D24508B7E000460CB /* Debug */ = {
			isa = XCBuildConfiguration;
			buildSettings = {
				ASSETCATALOG_COMPILER_APPICON_NAME = AppIcon;
				CODE_SIGN_STYLE = Automatic;
				INFOPLIST_FILE = TrafficSegues/Info.plist;
				LD_RUNPATH_SEARCH_PATHS = (
					"$(inherited)",
					"@executable_path/Frameworks",
				);
				PRODUCT_BUNDLE_IDENTIFIER = IBM.TrafficSegues;
				PRODUCT_NAME = "$(TARGET_NAME)";
				SWIFT_VERSION = 5.0;
				TARGETED_DEVICE_FAMILY = "1,2";
			};
			name = Debug;
		};
		A9AB9D1E24508B7E000460CB /* Release */ = {
			isa = XCBuildConfiguration;
			buildSettings = {
				ASSETCATALOG_COMPILER_APPICON_NAME = AppIcon;
				CODE_SIGN_STYLE = Automatic;
				INFOPLIST_FILE = TrafficSegues/Info.plist;
				LD_RUNPATH_SEARCH_PATHS = (
					"$(inherited)",
					"@executable_path/Frameworks",
				);
				PRODUCT_BUNDLE_IDENTIFIER = IBM.TrafficSegues;
				PRODUCT_NAME = "$(TARGET_NAME)";
				SWIFT_VERSION = 5.0;
				TARGETED_DEVICE_FAMILY = "1,2";
			};
			name = Release;
		};
		A9AB9D2024508B7E000460CB /* Debug */ = {
			isa = XCBuildConfiguration;
			buildSettings = {
				ALWAYS_EMBED_SWIFT_STANDARD_LIBRARIES = YES;
				BUNDLE_LOADER = "$(TEST_HOST)";
				CODE_SIGN_STYLE = Automatic;
				INFOPLIST_FILE = TrafficSeguesTests/Info.plist;
				IPHONEOS_DEPLOYMENT_TARGET = 13.4;
				LD_RUNPATH_SEARCH_PATHS = (
					"$(inherited)",
					"@executable_path/Frameworks",
					"@loader_path/Frameworks",
				);
				PRODUCT_BUNDLE_IDENTIFIER = IBM.TrafficSeguesTests;
				PRODUCT_NAME = "$(TARGET_NAME)";
				SWIFT_VERSION = 5.0;
				TARGETED_DEVICE_FAMILY = "1,2";
				TEST_HOST = "$(BUILT_PRODUCTS_DIR)/TrafficSegues.app/TrafficSegues";
			};
			name = Debug;
		};
		A9AB9D2124508B7E000460CB /* Release */ = {
			isa = XCBuildConfiguration;
			buildSettings = {
				ALWAYS_EMBED_SWIFT_STANDARD_LIBRARIES = YES;
				BUNDLE_LOADER = "$(TEST_HOST)";
				CODE_SIGN_STYLE = Automatic;
				INFOPLIST_FILE = TrafficSeguesTests/Info.plist;
				IPHONEOS_DEPLOYMENT_TARGET = 13.4;
				LD_RUNPATH_SEARCH_PATHS = (
					"$(inherited)",
					"@executable_path/Frameworks",
					"@loader_path/Frameworks",
				);
				PRODUCT_BUNDLE_IDENTIFIER = IBM.TrafficSeguesTests;
				PRODUCT_NAME = "$(TARGET_NAME)";
				SWIFT_VERSION = 5.0;
				TARGETED_DEVICE_FAMILY = "1,2";
				TEST_HOST = "$(BUILT_PRODUCTS_DIR)/TrafficSegues.app/TrafficSegues";
			};
			name = Release;
		};
		A9AB9D2324508B7E000460CB /* Debug */ = {
			isa = XCBuildConfiguration;
			buildSettings = {
				ALWAYS_EMBED_SWIFT_STANDARD_LIBRARIES = YES;
				CODE_SIGN_STYLE = Automatic;
				INFOPLIST_FILE = TrafficSeguesUITests/Info.plist;
				LD_RUNPATH_SEARCH_PATHS = (
					"$(inherited)",
					"@executable_path/Frameworks",
					"@loader_path/Frameworks",
				);
				PRODUCT_BUNDLE_IDENTIFIER = IBM.TrafficSeguesUITests;
				PRODUCT_NAME = "$(TARGET_NAME)";
				SWIFT_VERSION = 5.0;
				TARGETED_DEVICE_FAMILY = "1,2";
				TEST_TARGET_NAME = TrafficSegues;
			};
			name = Debug;
		};
		A9AB9D2424508B7E000460CB /* Release */ = {
			isa = XCBuildConfiguration;
			buildSettings = {
				ALWAYS_EMBED_SWIFT_STANDARD_LIBRARIES = YES;
				CODE_SIGN_STYLE = Automatic;
				INFOPLIST_FILE = TrafficSeguesUITests/Info.plist;
				LD_RUNPATH_SEARCH_PATHS = (
					"$(inherited)",
					"@executable_path/Frameworks",
					"@loader_path/Frameworks",
				);
				PRODUCT_BUNDLE_IDENTIFIER = IBM.TrafficSeguesUITests;
				PRODUCT_NAME = "$(TARGET_NAME)";
				SWIFT_VERSION = 5.0;
				TARGETED_DEVICE_FAMILY = "1,2";
				TEST_TARGET_NAME = TrafficSegues;
			};
			name = Release;
		};
/* End XCBuildConfiguration section */

/* Begin XCConfigurationList section */
		A9AB9CED24508B7B000460CB /* Build configuration list for PBXProject "TrafficSegues" */ = {
			isa = XCConfigurationList;
			buildConfigurations = (
				A9AB9D1A24508B7E000460CB /* Debug */,
				A9AB9D1B24508B7E000460CB /* Release */,
			);
			defaultConfigurationIsVisible = 0;
			defaultConfigurationName = Release;
		};
		A9AB9D1C24508B7E000460CB /* Build configuration list for PBXNativeTarget "TrafficSegues" */ = {
			isa = XCConfigurationList;
			buildConfigurations = (
				A9AB9D1D24508B7E000460CB /* Debug */,
				A9AB9D1E24508B7E000460CB /* Release */,
			);
			defaultConfigurationIsVisible = 0;
			defaultConfigurationName = Release;
		};
		A9AB9D1F24508B7E000460CB /* Build configuration list for PBXNativeTarget "TrafficSeguesTests" */ = {
			isa = XCConfigurationList;
			buildConfigurations = (
				A9AB9D2024508B7E000460CB /* Debug */,
				A9AB9D2124508B7E000460CB /* Release */,
			);
			defaultConfigurationIsVisible = 0;
			defaultConfigurationName = Release;
		};
		A9AB9D2224508B7E000460CB /* Build configuration list for PBXNativeTarget "TrafficSeguesUITests" */ = {
			isa = XCConfigurationList;
			buildConfigurations = (
				A9AB9D2324508B7E000460CB /* Debug */,
				A9AB9D2424508B7E000460CB /* Release */,
			);
			defaultConfigurationIsVisible = 0;
			defaultConfigurationName = Release;
		};
/* End XCConfigurationList section */
	};
	rootObject = A9AB9CEA24508B7B000460CB /* Project object */;
}
