// !$*UTF8*$!
{
	archiveVersion = 1;
	classes = {
	};
	objectVersion = 50;
	objects = {

/* Begin PBXBuildFile section */
		A93687092466C90A0031136D /* EmojiTableViewCell.swift in Sources */ = {isa = PBXBuildFile; fileRef = A93687082466C90A0031136D /* EmojiTableViewCell.swift */; };
		A936870B2466D3490031136D /* AddEditEmojiTableViewController.swift in Sources */ = {isa = PBXBuildFile; fileRef = A936870A2466D3490031136D /* AddEditEmojiTableViewController.swift */; };
		A952E1D8246455A10048300C /* AppDelegate.swift in Sources */ = {isa = PBXBuildFile; fileRef = A952E1D7246455A10048300C /* AppDelegate.swift */; };
		A952E1DD246455A10048300C /* Main.storyboard in Resources */ = {isa = PBXBuildFile; fileRef = A952E1DB246455A10048300C /* Main.storyboard */; };
		A952E1DF246455A20048300C /* Assets.xcassets in Resources */ = {isa = PBXBuildFile; fileRef = A952E1DE246455A20048300C /* Assets.xcassets */; };
		A952E1E2246455A20048300C /* LaunchScreen.storyboard in Resources */ = {isa = PBXBuildFile; fileRef = A952E1E0246455A20048300C /* LaunchScreen.storyboard */; };
		A952E1ED246455A20048300C /* EmojiDictionaryTests.swift in Sources */ = {isa = PBXBuildFile; fileRef = A952E1EC246455A20048300C /* EmojiDictionaryTests.swift */; };
		A952E1F8246455A20048300C /* EmojiDictionaryUITests.swift in Sources */ = {isa = PBXBuildFile; fileRef = A952E1F7246455A20048300C /* EmojiDictionaryUITests.swift */; };
		A952E2062464565C0048300C /* Emoji.swift in Sources */ = {isa = PBXBuildFile; fileRef = A952E2052464565C0048300C /* Emoji.swift */; };
		A952E208246459000048300C /* EmojiTableTableViewController.swift in Sources */ = {isa = PBXBuildFile; fileRef = A952E207246459000048300C /* EmojiTableTableViewController.swift */; };
/* End PBXBuildFile section */

/* Begin PBXContainerItemProxy section */
		A952E1E9246455A20048300C /* PBXContainerItemProxy */ = {
			isa = PBXContainerItemProxy;
			containerPortal = A952E1CC246455A00048300C /* Project object */;
			proxyType = 1;
			remoteGlobalIDString = A952E1D3246455A10048300C;
			remoteInfo = EmojiDictionary;
		};
		A952E1F4246455A20048300C /* PBXContainerItemProxy */ = {
			isa = PBXContainerItemProxy;
			containerPortal = A952E1CC246455A00048300C /* Project object */;
			proxyType = 1;
			remoteGlobalIDString = A952E1D3246455A10048300C;
			remoteInfo = EmojiDictionary;
		};
/* End PBXContainerItemProxy section */

/* Begin PBXFileReference section */
		A93687082466C90A0031136D /* EmojiTableViewCell.swift */ = {isa = PBXFileReference; lastKnownFileType = sourcecode.swift; path = EmojiTableViewCell.swift; sourceTree = "<group>"; };
		A936870A2466D3490031136D /* AddEditEmojiTableViewController.swift */ = {isa = PBXFileReference; lastKnownFileType = sourcecode.swift; path = AddEditEmojiTableViewController.swift; sourceTree = "<group>"; };
		A952E1D4246455A10048300C /* EmojiDictionary.app */ = {isa = PBXFileReference; explicitFileType = wrapper.application; includeInIndex = 0; path = EmojiDictionary.app; sourceTree = BUILT_PRODUCTS_DIR; };
		A952E1D7246455A10048300C /* AppDelegate.swift */ = {isa = PBXFileReference; lastKnownFileType = sourcecode.swift; path = AppDelegate.swift; sourceTree = "<group>"; };
		A952E1DC246455A10048300C /* Base */ = {isa = PBXFileReference; lastKnownFileType = file.storyboard; name = Base; path = Base.lproj/Main.storyboard; sourceTree = "<group>"; };
		A952E1DE246455A20048300C /* Assets.xcassets */ = {isa = PBXFileReference; lastKnownFileType = folder.assetcatalog; path = Assets.xcassets; sourceTree = "<group>"; };
		A952E1E1246455A20048300C /* Base */ = {isa = PBXFileReference; lastKnownFileType = file.storyboard; name = Base; path = Base.lproj/LaunchScreen.storyboard; sourceTree = "<group>"; };
		A952E1E3246455A20048300C /* Info.plist */ = {isa = PBXFileReference; lastKnownFileType = text.plist.xml; path = Info.plist; sourceTree = "<group>"; };
		A952E1E8246455A20048300C /* EmojiDictionaryTests.xctest */ = {isa = PBXFileReference; explicitFileType = wrapper.cfbundle; includeInIndex = 0; path = EmojiDictionaryTests.xctest; sourceTree = BUILT_PRODUCTS_DIR; };
		A952E1EC246455A20048300C /* EmojiDictionaryTests.swift */ = {isa = PBXFileReference; lastKnownFileType = sourcecode.swift; path = EmojiDictionaryTests.swift; sourceTree = "<group>"; };
		A952E1EE246455A20048300C /* Info.plist */ = {isa = PBXFileReference; lastKnownFileType = text.plist.xml; path = Info.plist; sourceTree = "<group>"; };
		A952E1F3246455A20048300C /* EmojiDictionaryUITests.xctest */ = {isa = PBXFileReference; explicitFileType = wrapper.cfbundle; includeInIndex = 0; path = EmojiDictionaryUITests.xctest; sourceTree = BUILT_PRODUCTS_DIR; };
		A952E1F7246455A20048300C /* EmojiDictionaryUITests.swift */ = {isa = PBXFileReference; lastKnownFileType = sourcecode.swift; path = EmojiDictionaryUITests.swift; sourceTree = "<group>"; };
		A952E1F9246455A20048300C /* Info.plist */ = {isa = PBXFileReference; lastKnownFileType = text.plist.xml; path = Info.plist; sourceTree = "<group>"; };
		A952E2052464565C0048300C /* Emoji.swift */ = {isa = PBXFileReference; lastKnownFileType = sourcecode.swift; path = Emoji.swift; sourceTree = "<group>"; };
		A952E207246459000048300C /* EmojiTableTableViewController.swift */ = {isa = PBXFileReference; lastKnownFileType = sourcecode.swift; path = EmojiTableTableViewController.swift; sourceTree = "<group>"; };
/* End PBXFileReference section */

/* Begin PBXFrameworksBuildPhase section */
		A952E1D1246455A10048300C /* Frameworks */ = {
			isa = PBXFrameworksBuildPhase;
			buildActionMask = 2147483647;
			files = (
			);
			runOnlyForDeploymentPostprocessing = 0;
		};
		A952E1E5246455A20048300C /* Frameworks */ = {
			isa = PBXFrameworksBuildPhase;
			buildActionMask = 2147483647;
			files = (
			);
			runOnlyForDeploymentPostprocessing = 0;
		};
		A952E1F0246455A20048300C /* Frameworks */ = {
			isa = PBXFrameworksBuildPhase;
			buildActionMask = 2147483647;
			files = (
			);
			runOnlyForDeploymentPostprocessing = 0;
		};
/* End PBXFrameworksBuildPhase section */

/* Begin PBXGroup section */
		A952E1CB246455A00048300C = {
			isa = PBXGroup;
			children = (
				A952E1D6246455A10048300C /* EmojiDictionary */,
				A952E1EB246455A20048300C /* EmojiDictionaryTests */,
				A952E1F6246455A20048300C /* EmojiDictionaryUITests */,
				A952E1D5246455A10048300C /* Products */,
			);
			sourceTree = "<group>";
		};
		A952E1D5246455A10048300C /* Products */ = {
			isa = PBXGroup;
			children = (
				A952E1D4246455A10048300C /* EmojiDictionary.app */,
				A952E1E8246455A20048300C /* EmojiDictionaryTests.xctest */,
				A952E1F3246455A20048300C /* EmojiDictionaryUITests.xctest */,
			);
			name = Products;
			sourceTree = "<group>";
		};
		A952E1D6246455A10048300C /* EmojiDictionary */ = {
			isa = PBXGroup;
			children = (
				A952E1D7246455A10048300C /* AppDelegate.swift */,
				A952E1DB246455A10048300C /* Main.storyboard */,
				A936870A2466D3490031136D /* AddEditEmojiTableViewController.swift */,
				A93687082466C90A0031136D /* EmojiTableViewCell.swift */,
				A952E207246459000048300C /* EmojiTableTableViewController.swift */,
				A952E2052464565C0048300C /* Emoji.swift */,
				A952E1DE246455A20048300C /* Assets.xcassets */,
				A952E1E0246455A20048300C /* LaunchScreen.storyboard */,
				A952E1E3246455A20048300C /* Info.plist */,
			);
			path = EmojiDictionary;
			sourceTree = "<group>";
		};
		A952E1EB246455A20048300C /* EmojiDictionaryTests */ = {
			isa = PBXGroup;
			children = (
				A952E1EC246455A20048300C /* EmojiDictionaryTests.swift */,
				A952E1EE246455A20048300C /* Info.plist */,
			);
			path = EmojiDictionaryTests;
			sourceTree = "<group>";
		};
		A952E1F6246455A20048300C /* EmojiDictionaryUITests */ = {
			isa = PBXGroup;
			children = (
				A952E1F7246455A20048300C /* EmojiDictionaryUITests.swift */,
				A952E1F9246455A20048300C /* Info.plist */,
			);
			path = EmojiDictionaryUITests;
			sourceTree = "<group>";
		};
/* End PBXGroup section */

/* Begin PBXNativeTarget section */
		A952E1D3246455A10048300C /* EmojiDictionary */ = {
			isa = PBXNativeTarget;
			buildConfigurationList = A952E1FC246455A20048300C /* Build configuration list for PBXNativeTarget "EmojiDictionary" */;
			buildPhases = (
				A952E1D0246455A10048300C /* Sources */,
				A952E1D1246455A10048300C /* Frameworks */,
				A952E1D2246455A10048300C /* Resources */,
			);
			buildRules = (
			);
			dependencies = (
			);
			name = EmojiDictionary;
			productName = EmojiDictionary;
			productReference = A952E1D4246455A10048300C /* EmojiDictionary.app */;
			productType = "com.apple.product-type.application";
		};
		A952E1E7246455A20048300C /* EmojiDictionaryTests */ = {
			isa = PBXNativeTarget;
			buildConfigurationList = A952E1FF246455A20048300C /* Build configuration list for PBXNativeTarget "EmojiDictionaryTests" */;
			buildPhases = (
				A952E1E4246455A20048300C /* Sources */,
				A952E1E5246455A20048300C /* Frameworks */,
				A952E1E6246455A20048300C /* Resources */,
			);
			buildRules = (
			);
			dependencies = (
				A952E1EA246455A20048300C /* PBXTargetDependency */,
			);
			name = EmojiDictionaryTests;
			productName = EmojiDictionaryTests;
			productReference = A952E1E8246455A20048300C /* EmojiDictionaryTests.xctest */;
			productType = "com.apple.product-type.bundle.unit-test";
		};
		A952E1F2246455A20048300C /* EmojiDictionaryUITests */ = {
			isa = PBXNativeTarget;
			buildConfigurationList = A952E202246455A20048300C /* Build configuration list for PBXNativeTarget "EmojiDictionaryUITests" */;
			buildPhases = (
				A952E1EF246455A20048300C /* Sources */,
				A952E1F0246455A20048300C /* Frameworks */,
				A952E1F1246455A20048300C /* Resources */,
			);
			buildRules = (
			);
			dependencies = (
				A952E1F5246455A20048300C /* PBXTargetDependency */,
			);
			name = EmojiDictionaryUITests;
			productName = EmojiDictionaryUITests;
			productReference = A952E1F3246455A20048300C /* EmojiDictionaryUITests.xctest */;
			productType = "com.apple.product-type.bundle.ui-testing";
		};
/* End PBXNativeTarget section */

/* Begin PBXProject section */
		A952E1CC246455A00048300C /* Project object */ = {
			isa = PBXProject;
			attributes = {
				LastSwiftUpdateCheck = 1010;
				LastUpgradeCheck = 1010;
				ORGANIZATIONNAME = "Michael Westerby";
				TargetAttributes = {
					A952E1D3246455A10048300C = {
						CreatedOnToolsVersion = 10.1;
					};
					A952E1E7246455A20048300C = {
						CreatedOnToolsVersion = 10.1;
						TestTargetID = A952E1D3246455A10048300C;
					};
					A952E1F2246455A20048300C = {
						CreatedOnToolsVersion = 10.1;
						TestTargetID = A952E1D3246455A10048300C;
					};
				};
			};
			buildConfigurationList = A952E1CF246455A00048300C /* Build configuration list for PBXProject "EmojiDictionary" */;
			compatibilityVersion = "Xcode 9.3";
			developmentRegion = en;
			hasScannedForEncodings = 0;
			knownRegions = (
				en,
				Base,
			);
			mainGroup = A952E1CB246455A00048300C;
			productRefGroup = A952E1D5246455A10048300C /* Products */;
			projectDirPath = "";
			projectRoot = "";
			targets = (
				A952E1D3246455A10048300C /* EmojiDictionary */,
				A952E1E7246455A20048300C /* EmojiDictionaryTests */,
				A952E1F2246455A20048300C /* EmojiDictionaryUITests */,
			);
		};
/* End PBXProject section */

/* Begin PBXResourcesBuildPhase section */
		A952E1D2246455A10048300C /* Resources */ = {
			isa = PBXResourcesBuildPhase;
			buildActionMask = 2147483647;
			files = (
				A952E1E2246455A20048300C /* LaunchScreen.storyboard in Resources */,
				A952E1DF246455A20048300C /* Assets.xcassets in Resources */,
				A952E1DD246455A10048300C /* Main.storyboard in Resources */,
			);
			runOnlyForDeploymentPostprocessing = 0;
		};
		A952E1E6246455A20048300C /* Resources */ = {
			isa = PBXResourcesBuildPhase;
			buildActionMask = 2147483647;
			files = (
			);
			runOnlyForDeploymentPostprocessing = 0;
		};
		A952E1F1246455A20048300C /* Resources */ = {
			isa = PBXResourcesBuildPhase;
			buildActionMask = 2147483647;
			files = (
			);
			runOnlyForDeploymentPostprocessing = 0;
		};
/* End PBXResourcesBuildPhase section */

/* Begin PBXSourcesBuildPhase section */
		A952E1D0246455A10048300C /* Sources */ = {
			isa = PBXSourcesBuildPhase;
			buildActionMask = 2147483647;
			files = (
				A936870B2466D3490031136D /* AddEditEmojiTableViewController.swift in Sources */,
				A952E208246459000048300C /* EmojiTableTableViewController.swift in Sources */,
				A952E2062464565C0048300C /* Emoji.swift in Sources */,
				A93687092466C90A0031136D /* EmojiTableViewCell.swift in Sources */,
				A952E1D8246455A10048300C /* AppDelegate.swift in Sources */,
			);
			runOnlyForDeploymentPostprocessing = 0;
		};
		A952E1E4246455A20048300C /* Sources */ = {
			isa = PBXSourcesBuildPhase;
			buildActionMask = 2147483647;
			files = (
				A952E1ED246455A20048300C /* EmojiDictionaryTests.swift in Sources */,
			);
			runOnlyForDeploymentPostprocessing = 0;
		};
		A952E1EF246455A20048300C /* Sources */ = {
			isa = PBXSourcesBuildPhase;
			buildActionMask = 2147483647;
			files = (
				A952E1F8246455A20048300C /* EmojiDictionaryUITests.swift in Sources */,
			);
			runOnlyForDeploymentPostprocessing = 0;
		};
/* End PBXSourcesBuildPhase section */

/* Begin PBXTargetDependency section */
		A952E1EA246455A20048300C /* PBXTargetDependency */ = {
			isa = PBXTargetDependency;
			target = A952E1D3246455A10048300C /* EmojiDictionary */;
			targetProxy = A952E1E9246455A20048300C /* PBXContainerItemProxy */;
		};
		A952E1F5246455A20048300C /* PBXTargetDependency */ = {
			isa = PBXTargetDependency;
			target = A952E1D3246455A10048300C /* EmojiDictionary */;
			targetProxy = A952E1F4246455A20048300C /* PBXContainerItemProxy */;
		};
/* End PBXTargetDependency section */

/* Begin PBXVariantGroup section */
		A952E1DB246455A10048300C /* Main.storyboard */ = {
			isa = PBXVariantGroup;
			children = (
				A952E1DC246455A10048300C /* Base */,
			);
			name = Main.storyboard;
			sourceTree = "<group>";
		};
		A952E1E0246455A20048300C /* LaunchScreen.storyboard */ = {
			isa = PBXVariantGroup;
			children = (
				A952E1E1246455A20048300C /* Base */,
			);
			name = LaunchScreen.storyboard;
			sourceTree = "<group>";
		};
/* End PBXVariantGroup section */

/* Begin XCBuildConfiguration section */
		A952E1FA246455A20048300C /* Debug */ = {
			isa = XCBuildConfiguration;
			buildSettings = {
				ALWAYS_SEARCH_USER_PATHS = NO;
				CLANG_ANALYZER_NONNULL = YES;
				CLANG_ANALYZER_NUMBER_OBJECT_CONVERSION = YES_AGGRESSIVE;
				CLANG_CXX_LANGUAGE_STANDARD = "gnu++14";
				CLANG_CXX_LIBRARY = "libc++";
				CLANG_ENABLE_MODULES = YES;
				CLANG_ENABLE_OBJC_ARC = YES;
				CLANG_ENABLE_OBJC_WEAK = YES;
				CLANG_WARN_BLOCK_CAPTURE_AUTORELEASING = YES;
				CLANG_WARN_BOOL_CONVERSION = YES;
				CLANG_WARN_COMMA = YES;
				CLANG_WARN_CONSTANT_CONVERSION = YES;
				CLANG_WARN_DEPRECATED_OBJC_IMPLEMENTATIONS = YES;
				CLANG_WARN_DIRECT_OBJC_ISA_USAGE = YES_ERROR;
				CLANG_WARN_DOCUMENTATION_COMMENTS = YES;
				CLANG_WARN_EMPTY_BODY = YES;
				CLANG_WARN_ENUM_CONVERSION = YES;
				CLANG_WARN_INFINITE_RECURSION = YES;
				CLANG_WARN_INT_CONVERSION = YES;
				CLANG_WARN_NON_LITERAL_NULL_CONVERSION = YES;
				CLANG_WARN_OBJC_IMPLICIT_RETAIN_SELF = YES;
				CLANG_WARN_OBJC_LITERAL_CONVERSION = YES;
				CLANG_WARN_OBJC_ROOT_CLASS = YES_ERROR;
				CLANG_WARN_RANGE_LOOP_ANALYSIS = YES;
				CLANG_WARN_STRICT_PROTOTYPES = YES;
				CLANG_WARN_SUSPICIOUS_MOVE = YES;
				CLANG_WARN_UNGUARDED_AVAILABILITY = YES_AGGRESSIVE;
				CLANG_WARN_UNREACHABLE_CODE = YES;
				CLANG_WARN__DUPLICATE_METHOD_MATCH = YES;
				CODE_SIGN_IDENTITY = "iPhone Developer";
				COPY_PHASE_STRIP = NO;
				DEBUG_INFORMATION_FORMAT = dwarf;
				ENABLE_STRICT_OBJC_MSGSEND = YES;
				ENABLE_TESTABILITY = YES;
				GCC_C_LANGUAGE_STANDARD = gnu11;
				GCC_DYNAMIC_NO_PIC = NO;
				GCC_NO_COMMON_BLOCKS = YES;
				GCC_OPTIMIZATION_LEVEL = 0;
				GCC_PREPROCESSOR_DEFINITIONS = (
					"DEBUG=1",
					"$(inherited)",
				);
				GCC_WARN_64_TO_32_BIT_CONVERSION = YES;
				GCC_WARN_ABOUT_RETURN_TYPE = YES_ERROR;
				GCC_WARN_UNDECLARED_SELECTOR = YES;
				GCC_WARN_UNINITIALIZED_AUTOS = YES_AGGRESSIVE;
				GCC_WARN_UNUSED_FUNCTION = YES;
				GCC_WARN_UNUSED_VARIABLE = YES;
				IPHONEOS_DEPLOYMENT_TARGET = 12.1;
				MTL_ENABLE_DEBUG_INFO = INCLUDE_SOURCE;
				MTL_FAST_MATH = YES;
				ONLY_ACTIVE_ARCH = YES;
				SDKROOT = iphoneos;
				SWIFT_ACTIVE_COMPILATION_CONDITIONS = DEBUG;
				SWIFT_OPTIMIZATION_LEVEL = "-Onone";
			};
			name = Debug;
		};
		A952E1FB246455A20048300C /* Release */ = {
			isa = XCBuildConfiguration;
			buildSettings = {
				ALWAYS_SEARCH_USER_PATHS = NO;
				CLANG_ANALYZER_NONNULL = YES;
				CLANG_ANALYZER_NUMBER_OBJECT_CONVERSION = YES_AGGRESSIVE;
				CLANG_CXX_LANGUAGE_STANDARD = "gnu++14";
				CLANG_CXX_LIBRARY = "libc++";
				CLANG_ENABLE_MODULES = YES;
				CLANG_ENABLE_OBJC_ARC = YES;
				CLANG_ENABLE_OBJC_WEAK = YES;
				CLANG_WARN_BLOCK_CAPTURE_AUTORELEASING = YES;
				CLANG_WARN_BOOL_CONVERSION = YES;
				CLANG_WARN_COMMA = YES;
				CLANG_WARN_CONSTANT_CONVERSION = YES;
				CLANG_WARN_DEPRECATED_OBJC_IMPLEMENTATIONS = YES;
				CLANG_WARN_DIRECT_OBJC_ISA_USAGE = YES_ERROR;
				CLANG_WARN_DOCUMENTATION_COMMENTS = YES;
				CLANG_WARN_EMPTY_BODY = YES;
				CLANG_WARN_ENUM_CONVERSION = YES;
				CLANG_WARN_INFINITE_RECURSION = YES;
				CLANG_WARN_INT_CONVERSION = YES;
				CLANG_WARN_NON_LITERAL_NULL_CONVERSION = YES;
				CLANG_WARN_OBJC_IMPLICIT_RETAIN_SELF = YES;
				CLANG_WARN_OBJC_LITERAL_CONVERSION = YES;
				CLANG_WARN_OBJC_ROOT_CLASS = YES_ERROR;
				CLANG_WARN_RANGE_LOOP_ANALYSIS = YES;
				CLANG_WARN_STRICT_PROTOTYPES = YES;
				CLANG_WARN_SUSPICIOUS_MOVE = YES;
				CLANG_WARN_UNGUARDED_AVAILABILITY = YES_AGGRESSIVE;
				CLANG_WARN_UNREACHABLE_CODE = YES;
				CLANG_WARN__DUPLICATE_METHOD_MATCH = YES;
				CODE_SIGN_IDENTITY = "iPhone Developer";
				COPY_PHASE_STRIP = NO;
				DEBUG_INFORMATION_FORMAT = "dwarf-with-dsym";
				ENABLE_NS_ASSERTIONS = NO;
				ENABLE_STRICT_OBJC_MSGSEND = YES;
				GCC_C_LANGUAGE_STANDARD = gnu11;
				GCC_NO_COMMON_BLOCKS = YES;
				GCC_WARN_64_TO_32_BIT_CONVERSION = YES;
				GCC_WARN_ABOUT_RETURN_TYPE = YES_ERROR;
				GCC_WARN_UNDECLARED_SELECTOR = YES;
				GCC_WARN_UNINITIALIZED_AUTOS = YES_AGGRESSIVE;
				GCC_WARN_UNUSED_FUNCTION = YES;
				GCC_WARN_UNUSED_VARIABLE = YES;
				IPHONEOS_DEPLOYMENT_TARGET = 12.1;
				MTL_ENABLE_DEBUG_INFO = NO;
				MTL_FAST_MATH = YES;
				SDKROOT = iphoneos;
				SWIFT_COMPILATION_MODE = wholemodule;
				SWIFT_OPTIMIZATION_LEVEL = "-O";
				VALIDATE_PRODUCT = YES;
			};
			name = Release;
		};
		A952E1FD246455A20048300C /* Debug */ = {
			isa = XCBuildConfiguration;
			buildSettings = {
				ASSETCATALOG_COMPILER_APPICON_NAME = AppIcon;
				CODE_SIGN_STYLE = Automatic;
				INFOPLIST_FILE = EmojiDictionary/Info.plist;
				LD_RUNPATH_SEARCH_PATHS = (
					"$(inherited)",
					"@executable_path/Frameworks",
				);
				PRODUCT_BUNDLE_IDENTIFIER = IBM.EmojiDictionary;
				PRODUCT_NAME = "$(TARGET_NAME)";
				SWIFT_VERSION = 4.2;
				TARGETED_DEVICE_FAMILY = "1,2";
			};
			name = Debug;
		};
		A952E1FE246455A20048300C /* Release */ = {
			isa = XCBuildConfiguration;
			buildSettings = {
				ASSETCATALOG_COMPILER_APPICON_NAME = AppIcon;
				CODE_SIGN_STYLE = Automatic;
				INFOPLIST_FILE = EmojiDictionary/Info.plist;
				LD_RUNPATH_SEARCH_PATHS = (
					"$(inherited)",
					"@executable_path/Frameworks",
				);
				PRODUCT_BUNDLE_IDENTIFIER = IBM.EmojiDictionary;
				PRODUCT_NAME = "$(TARGET_NAME)";
				SWIFT_VERSION = 4.2;
				TARGETED_DEVICE_FAMILY = "1,2";
			};
			name = Release;
		};
		A952E200246455A20048300C /* Debug */ = {
			isa = XCBuildConfiguration;
			buildSettings = {
				ALWAYS_EMBED_SWIFT_STANDARD_LIBRARIES = YES;
				BUNDLE_LOADER = "$(TEST_HOST)";
				CODE_SIGN_STYLE = Automatic;
				INFOPLIST_FILE = EmojiDictionaryTests/Info.plist;
				LD_RUNPATH_SEARCH_PATHS = (
					"$(inherited)",
					"@executable_path/Frameworks",
					"@loader_path/Frameworks",
				);
				PRODUCT_BUNDLE_IDENTIFIER = IBM.EmojiDictionaryTests;
				PRODUCT_NAME = "$(TARGET_NAME)";
				SWIFT_VERSION = 4.2;
				TARGETED_DEVICE_FAMILY = "1,2";
				TEST_HOST = "$(BUILT_PRODUCTS_DIR)/EmojiDictionary.app/EmojiDictionary";
			};
			name = Debug;
		};
		A952E201246455A20048300C /* Release */ = {
			isa = XCBuildConfiguration;
			buildSettings = {
				ALWAYS_EMBED_SWIFT_STANDARD_LIBRARIES = YES;
				BUNDLE_LOADER = "$(TEST_HOST)";
				CODE_SIGN_STYLE = Automatic;
				INFOPLIST_FILE = EmojiDictionaryTests/Info.plist;
				LD_RUNPATH_SEARCH_PATHS = (
					"$(inherited)",
					"@executable_path/Frameworks",
					"@loader_path/Frameworks",
				);
				PRODUCT_BUNDLE_IDENTIFIER = IBM.EmojiDictionaryTests;
				PRODUCT_NAME = "$(TARGET_NAME)";
				SWIFT_VERSION = 4.2;
				TARGETED_DEVICE_FAMILY = "1,2";
				TEST_HOST = "$(BUILT_PRODUCTS_DIR)/EmojiDictionary.app/EmojiDictionary";
			};
			name = Release;
		};
		A952E203246455A20048300C /* Debug */ = {
			isa = XCBuildConfiguration;
			buildSettings = {
				ALWAYS_EMBED_SWIFT_STANDARD_LIBRARIES = YES;
				CODE_SIGN_STYLE = Automatic;
				INFOPLIST_FILE = EmojiDictionaryUITests/Info.plist;
				LD_RUNPATH_SEARCH_PATHS = (
					"$(inherited)",
					"@executable_path/Frameworks",
					"@loader_path/Frameworks",
				);
				PRODUCT_BUNDLE_IDENTIFIER = IBM.EmojiDictionaryUITests;
				PRODUCT_NAME = "$(TARGET_NAME)";
				SWIFT_VERSION = 4.2;
				TARGETED_DEVICE_FAMILY = "1,2";
				TEST_TARGET_NAME = EmojiDictionary;
			};
			name = Debug;
		};
		A952E204246455A20048300C /* Release */ = {
			isa = XCBuildConfiguration;
			buildSettings = {
				ALWAYS_EMBED_SWIFT_STANDARD_LIBRARIES = YES;
				CODE_SIGN_STYLE = Automatic;
				INFOPLIST_FILE = EmojiDictionaryUITests/Info.plist;
				LD_RUNPATH_SEARCH_PATHS = (
					"$(inherited)",
					"@executable_path/Frameworks",
					"@loader_path/Frameworks",
				);
				PRODUCT_BUNDLE_IDENTIFIER = IBM.EmojiDictionaryUITests;
				PRODUCT_NAME = "$(TARGET_NAME)";
				SWIFT_VERSION = 4.2;
				TARGETED_DEVICE_FAMILY = "1,2";
				TEST_TARGET_NAME = EmojiDictionary;
			};
			name = Release;
		};
/* End XCBuildConfiguration section */

/* Begin XCConfigurationList section */
		A952E1CF246455A00048300C /* Build configuration list for PBXProject "EmojiDictionary" */ = {
			isa = XCConfigurationList;
			buildConfigurations = (
				A952E1FA246455A20048300C /* Debug */,
				A952E1FB246455A20048300C /* Release */,
			);
			defaultConfigurationIsVisible = 0;
			defaultConfigurationName = Release;
		};
		A952E1FC246455A20048300C /* Build configuration list for PBXNativeTarget "EmojiDictionary" */ = {
			isa = XCConfigurationList;
			buildConfigurations = (
				A952E1FD246455A20048300C /* Debug */,
				A952E1FE246455A20048300C /* Release */,
			);
			defaultConfigurationIsVisible = 0;
			defaultConfigurationName = Release;
		};
		A952E1FF246455A20048300C /* Build configuration list for PBXNativeTarget "EmojiDictionaryTests" */ = {
			isa = XCConfigurationList;
			buildConfigurations = (
				A952E200246455A20048300C /* Debug */,
				A952E201246455A20048300C /* Release */,
			);
			defaultConfigurationIsVisible = 0;
			defaultConfigurationName = Release;
		};
		A952E202246455A20048300C /* Build configuration list for PBXNativeTarget "EmojiDictionaryUITests" */ = {
			isa = XCConfigurationList;
			buildConfigurations = (
				A952E203246455A20048300C /* Debug */,
				A952E204246455A20048300C /* Release */,
			);
			defaultConfigurationIsVisible = 0;
			defaultConfigurationName = Release;
		};
/* End XCConfigurationList section */
	};
	rootObject = A952E1CC246455A00048300C /* Project object */;
}
